
Microsoft Visual Studio Solution File, Format Version 12.00
# Visual Studio Version 16
VisualStudioVersion = 16.0.31112.23
MinimumVisualStudioVersion = 10.0.40219.1
Project("{FAE04EC0-301F-11D3-BF4B-00C04F79EFBC}") = "CoreLib", "CoreLib\CoreLib.csproj", "{8FEDA837-FAA0-4FB4-9279-14E980D353E5}"
EndProject
Project("{FAE04EC0-301F-11D3-BF4B-00C04F79EFBC}") = "MoneyLion", "MoneyLion\MoneyLion.csproj", "{429BA46E-8476-4034-9FDC-8E42DDCAC180}"
EndProject
Global
	GlobalSection(SolutionConfigurationPlatforms) = preSolution
		Debug|Any CPU = Debug|Any CPU
		Release|Any CPU = Release|Any CPU
	EndGlobalSection
	GlobalSection(ProjectConfigurationPlatforms) = postSolution
		{8FEDA837-FAA0-4FB4-9279-14E980D353E5}.Debug|Any CPU.ActiveCfg = Debug|Any CPU
		{8FEDA837-FAA0-4FB4-9279-14E980D353E5}.Debug|Any CPU.Build.0 = Debug|Any CPU
		{8FEDA837-FAA0-4FB4-9279-14E980D353E5}.Release|Any CPU.ActiveCfg = Release|Any CPU
		{8FEDA837-FAA0-4FB4-9279-14E980D353E5}.Release|Any CPU.Build.0 = Release|Any CPU
		{429BA46E-8476-4034-9FDC-8E42DDCAC180}.Debug|Any CPU.ActiveCfg = Debug|Any CPU
		{429BA46E-8476-4034-9FDC-8E42DDCAC180}.Debug|Any CPU.Build.0 = Debug|Any CPU
		{429BA46E-8476-4034-9FDC-8E42DDCAC180}.Release|Any CPU.ActiveCfg = Release|Any CPU
		{429BA46E-8476-4034-9FDC-8E42DDCAC180}.Release|Any CPU.Build.0 = Release|Any CPU
	EndGlobalSection
	GlobalSection(SolutionProperties) = preSolution
		HideSolutionNode = FALSE
	EndGlobalSection
	GlobalSection(ExtensibilityGlobals) = postSolution
		SolutionGuid = {A6AD4AB0-EE6C-4DF5-A698-D3CBF024A4A9}
	EndGlobalSection
EndGlobal
